
Microsoft Visual Studio Solution File, Format Version 12.00
# Visual Studio Version 17
VisualStudioVersion = 17.3.32804.467
MinimumVisualStudioVersion = 10.0.40219.1
Project("{FAE04EC0-301F-11D3-BF4B-00C04F79EFBC}") = "Arrays", "Arrays.csproj", "{E9484A0F-6D4F-4888-A8B4-0C8E8B46C0F7}"
EndProject
Global
	GlobalSection(SolutionConfigurationPlatforms) = preSolution
		Debug|Any CPU = Debug|Any CPU
		Release|Any CPU = Release|Any CPU
	EndGlobalSection
	GlobalSection(ProjectConfigurationPlatforms) = postSolution
		{E9484A0F-6D4F-4888-A8B4-0C8E8B46C0F7}.Debug|Any CPU.ActiveCfg = Debug|Any CPU
		{E9484A0F-6D4F-4888-A8B4-0C8E8B46C0F7}.Debug|Any CPU.Build.0 = Debug|Any CPU
		{E9484A0F-6D4F-4888-A8B4-0C8E8B46C0F7}.Release|Any CPU.ActiveCfg = Release|Any CPU
		{E9484A0F-6D4F-4888-A8B4-0C8E8B46C0F7}.Release|Any CPU.Build.0 = Release|Any CPU
	EndGlobalSection
	GlobalSection(SolutionProperties) = preSolution
		HideSolutionNode = FALSE
	EndGlobalSection
	GlobalSection(ExtensibilityGlobals) = postSolution
		SolutionGuid = {64851788-ACAD-423F-B701-6D163A81DEB7}
	EndGlobalSection
EndGlobal
